{
  "name": "notebuddy-anna",
  "version": "0.1.10",
  "lockfileVersion": 3,
  "requires": true,
  "packages": {
    "": {
      "name": "notebuddy-anna",
      "version": "0.1.10",
      "devDependencies": {
        "@anna-ai/cli": "0.1.57",
        "playwright-core": "1.64.0"
      }
    },
    "node_modules/@anna-ai/app-runtime": {
      "version": "0.18.0",
      "resolved": "https://registry.npmjs.org/@anna-ai/app-runtime/-/app-runtime-0.18.0.tgz",
      "integrity": "sha512-lbOQV7bD6JU8kfAg0/T3a+mU44d2ZgBeuDj8jkCVcmmAo5CtHCevm1DuNAufjYkBbrHExUhaUNO/hm3m80jASw==",
      "dev": true,
      "license": "MIT"
    },
    "node_modules/@anna-ai/app-schema": {
      "version": "0.24.0",
      "resolved": "https://registry.npmjs.org/@anna-ai/app-schema/-/app-schema-0.24.0.tgz",
      "integrity": "sha512-b6KCaN3Aq/SJrnEQzYu2Hip98o7Z7mb6Ge7FiPOPqWIGzTkWMuVbm2fetmUWLaqEXZB0Y62i/Nrdj37JVhWmJw==",
      "dev": true,
      "license": "MIT"
    },
    "node_modules/@anna-ai/cli": {
      "version": "0.1.57",
      "resolved": "https://registry.npmjs.org/@anna-ai/cli/-/cli-0.1.57.tgz",
      "integrity": "sha512-5fON2Gqkzxff0x+usTbzlwjs0oTsCu0LijuEEN+WEw0z8Y2Wtq8+/eav20ThgOlIErP8yiYedWFqGEsnHxEQcQ==",
      "dev": true,
      "license": "MIT",
      "dependencies": {
        "@anna-ai/app-runtime": "^0.18.0",
        "@anna-ai/app-schema": "^0.24.0",
        "ajv": "^8.17.1",
        "ajv-formats": "^3.0.1",
        "commander": "^12.1.0",
        "kleur": "^4.1.5",
        "smol-toml": "^1.6.1",
        "ws": "^8.18.0"
      },
      "bin": {
        "anna-app": "dist/cli.js"
      },
      "engines": {
        "node": ">=22"
      }
    },
    "node_modules/ajv": {
      "version": "8.20.0",
      "resolved": "https://registry.npmjs.org/ajv/-/ajv-8.20.0.tgz",
      "integrity": "sha512-Thbli+OlOj+iMPYFBVBfJ3OmCAnaSyNn4M1vz9T6Gka5Jt9ba/HIR56joy65tY6kx/FCF5VXNB819Y7/GUrBGA==",
      "dev": true,
      "license": "MIT",
      "dependencies": {
        "fast-deep-equal": "^3.1.3",
        "fast-uri": "^3.0.1",
        "json-schema-traverse": "^1.0.0",
        "require-from-string": "^2.0.2"
      },
      "funding": {
        "type": "github",
        "url": "https://github.com/sponsors/epoberezkin"
      }
    },
    "node_modules/ajv-formats": {
      "version": "3.0.1",
      "resolved": "https://registry.npmjs.org/ajv-formats/-/ajv-formats-3.0.1.tgz",
      "integrity": "sha512-8iUql50EUR+uUcdRQ3HDqa6EVyo3docL8g5WJ3FNcWmu62IbkGUue/pEyLBW8VGKKucTPgqeks4fIU1DA4yowQ==",
      "dev": true,
      "license": "MIT",
      "dependencies": {
        "ajv": "^8.0.0"
      },
      "peerDependencies": {
        "ajv": "^8.0.0"
      },
      "peerDependenciesMeta": {
        "ajv": {
          "optional": true
        }
      }
    },
    "node_modules/commander": {
      "version": "12.1.0",
      "resolved": "https://registry.npmjs.org/commander/-/commander-12.1.0.tgz",
      "integrity": "sha512-Vw8qHK3bZM9y/P10u3Vib8o/DdkvA2OtPtZvD871QKjy74Wj1WSKFILMPRPSdUSx5RFK1arlJzEtA4PkFgnbuA==",
      "dev": true,
      "license": "MIT",
      "engines": {
        "node": ">=18"
      }
    },
    "node_modules/fast-deep-equal": {
      "version": "3.1.3",
      "resolved": "https://registry.npmjs.org/fast-deep-equal/-/fast-deep-equal-3.1.3.tgz",
      "integrity": "sha512-f3qQ9oQy9j2AhBe/H9VC91wLmKBCCU/gDOnKNAYG5hswO7BLKj09Hc5HYNz9cGI++xlpDCIgDaitVs03ATR84Q==",
      "dev": true,
      "license": "MIT"
    },
    "node_modules/fast-uri": {
      "version": "3.1.8",
      "resolved": "https://registry.npmjs.org/fast-uri/-/fast-uri-3.1.8.tgz",
      "integrity": "sha512-GZMtZUTNRpOVIECoXwLNZS5xUGE+mVNbTB8h/7Rwh2TFWcBQiPzTgyZi05BF9UMZKkLJv8XBRJTlU7zg8+ZfMg==",
      "dev": true,
      "funding": [
        {
          "type": "github",
          "url": "https://github.com/sponsors/fastify"
        },
        {
          "type": "opencollective",
          "url": "https://opencollective.com/fastify"
        }
      ],
      "license": "BSD-3-Clause"
    },
    "node_modules/json-schema-traverse": {
      "version": "1.0.0",
      "resolved": "https://registry.npmjs.org/json-schema-traverse/-/json-schema-traverse-1.0.0.tgz",
      "integrity": "sha512-NM8/P9n3XjXhIZn1lLhkFaACTOURQXjWhV4BA/RnOv8xvgqtqpAX9IO4mRQxSx1Rlo4tqzeqb0sOlruaOy3dug==",
      "dev": true,
      "license": "MIT"
    },
    "node_modules/kleur": {
      "version": "4.1.5",
      "resolved": "https://registry.npmjs.org/kleur/-/kleur-4.1.5.tgz",
      "integrity": "sha512-o+NO+8WrRiQEE4/7nwRJhN1HWpVmJm511pBHUxPLtp0BUISzlBplORYSmTclCnJvQq2tKu/sgl3xVpkc7ZWuQQ==",
      "dev": true,
      "license": "MIT",
      "engines": {
        "node": ">=6"
      }
    },
    "node_modules/playwright-core": {
      "version": "1.64.0",
      "resolved": "https://registry.npmjs.org/playwright-core/-/playwright-core-1.64.0.tgz",
      "integrity": "sha512-T9r+MZkTECl2+oUcZ26YgZzTrYidTsIhYYkJix+6iDOymOb1FB2RLLSOxRGnZGv5DStt+aduIVbt+E8WygXYpg==",
      "dev": true,
      "license": "Apache-2.0",
      "bin": {
        "playwright-core": "cli.js"
      },
      "engines": {
        "node": ">=20"
      }
    },
    "node_modules/require-from-string": {
      "version": "2.0.2",
      "resolved": "https://registry.npmjs.org/require-from-string/-/require-from-string-2.0.2.tgz",
      "integrity": "sha512-Xf0nWe6RseziFMu+Ap9biiUbmplq6S9/p+7w7YXP/JBHhrUDDUhwa+vANyubuqfZWTveU//DYVGsDG7RKL/vEw==",
      "dev": true,
      "license": "MIT",
      "engines": {
        "node": ">=0.10.0"
      }
    },
    "node_modules/smol-toml": {
      "version": "1.9.0",
      "resolved": "https://registry.npmjs.org/smol-toml/-/smol-toml-1.9.0.tgz",
      "integrity": "sha512-hpd+HLON7HdZXqYchMM/+LaTTbdK0AU3NngIJ4KVyWbY9bfQqdL9cD+4yf6dUoU2Ap4VsU0JkQi6FxAI1B2mXQ==",
      "dev": true,
      "license": "BSD-3-Clause",
      "engines": {
        "node": ">= 18"
      },
      "funding": {
        "url": "https://github.com/sponsors/cyyynthia"
      }
    },
    "node_modules/ws": {
      "version": "8.22.0",
      "resolved": "https://registry.npmjs.org/ws/-/ws-8.22.0.tgz",
      "integrity": "sha512-Ydggc987+RO0AnWtZ/7Wq9FtNvcrL1b/RO0ud9mWjUPgDrsAAwQSF51sm2hm1XofbU/4jkpGEsLFsZZxU+1DOg==",
      "dev": true,
      "license": "MIT",
      "engines": {
        "node": ">=10.0.0"
      },
      "peerDependencies": {
        "bufferutil": "^4.0.1",
        "utf-8-validate": ">=5.0.2"
      },
      "peerDependenciesMeta": {
        "bufferutil": {
          "optional": true
        },
        "utf-8-validate": {
          "optional": true
        }
      }
    }
  }
}
